// !$*UTF8*$!
{
	archiveVersion = 1;
	classes = {
	};
	objectVersion = 46;
	objects = {

/* Begin PBXBuildFile section */
		5CE71E8815CC4901003A88A4 /* UIKit.framework in Frameworks */ = {isa = PBXBuildFile; fileRef = 5CE71E8715CC4901003A88A4 /* UIKit.framework */; };
		5CE71E8A15CC4901003A88A4 /* Foundation.framework in Frameworks */ = {isa = PBXBuildFile; fileRef = 5CE71E8915CC4901003A88A4 /* Foundation.framework */; };
		5CE71E8C15CC4901003A88A4 /* CoreGraphics.framework in Frameworks */ = {isa = PBXBuildFile; fileRef = 5CE71E8B15CC4901003A88A4 /* CoreGraphics.framework */; };
		5CE71E9215CC4901003A88A4 /* InfoPlist.strings in Resources */ = {isa = PBXBuildFile; fileRef = 5CE71E9015CC4901003A88A4 /* InfoPlist.strings */; };
		5CE71E9415CC4901003A88A4 /* main.m in Sources */ = {isa = PBXBuildFile; fileRef = 5CE71E9315CC4901003A88A4 /* main.m */; };
		5CE71E9815CC4901003A88A4 /* AGAppDelegate.m in Sources */ = {isa = PBXBuildFile; fileRef = 5CE71E9715CC4901003A88A4 /* AGAppDelegate.m */; };
		5CE71E9B15CC4901003A88A4 /* MainStoryboard.storyboard in Resources */ = {isa = PBXBuildFile; fileRef = 5CE71E9915CC4901003A88A4 /* MainStoryboard.storyboard */; };
		5CE71E9E15CC4901003A88A4 /* AGViewController.m in Sources */ = {isa = PBXBuildFile; fileRef = 5CE71E9D15CC4901003A88A4 /* AGViewController.m */; };
		5CE71EA615CC4901003A88A4 /* SenTestingKit.framework in Frameworks */ = {isa = PBXBuildFile; fileRef = 5CE71EA515CC4901003A88A4 /* SenTestingKit.framework */; };
		5CE71EA715CC4901003A88A4 /* UIKit.framework in Frameworks */ = {isa = PBXBuildFile; fileRef = 5CE71E8715CC4901003A88A4 /* UIKit.framework */; };
		5CE71EA815CC4901003A88A4 /* Foundation.framework in Frameworks */ = {isa = PBXBuildFile; fileRef = 5CE71E8915CC4901003A88A4 /* Foundation.framework */; };
		5CE71EB015CC4901003A88A4 /* InfoPlist.strings in Resources */ = {isa = PBXBuildFile; fileRef = 5CE71EAE15CC4901003A88A4 /* InfoPlist.strings */; };
		5CE71EB315CC4901003A88A4 /* TwitterSampleTests.m in Sources */ = {isa = PBXBuildFile; fileRef = 5CE71EB215CC4901003A88A4 /* TwitterSampleTests.m */; };
/* End PBXBuildFile section */

/* Begin PBXContainerItemProxy section */
		5CE71EA915CC4901003A88A4 /* PBXContainerItemProxy */ = {
			isa = PBXContainerItemProxy;
			containerPortal = 5CE71E7A15CC4901003A88A4 /* Project object */;
			proxyType = 1;
			remoteGlobalIDString = 5CE71E8215CC4901003A88A4;
			remoteInfo = TwitterSample;
		};
/* End PBXContainerItemProxy section */

/* Begin PBXFileReference section */
		5CE71E8315CC4901003A88A4 /* TwitterSample.app */ = {isa = PBXFileReference; explicitFileType = wrapper.application; includeInIndex = 0; path = TwitterSample.app; sourceTree = BUILT_PRODUCTS_DIR; };
		5CE71E8715CC4901003A88A4 /* UIKit.framework */ = {isa = PBXFileReference; lastKnownFileType = wrapper.framework; name = UIKit.framework; path = System/Library/Frameworks/UIKit.framework; sourceTree = SDKROOT; };
		5CE71E8915CC4901003A88A4 /* Foundation.framework */ = {isa = PBXFileReference; lastKnownFileType = wrapper.framework; name = Foundation.framework; path = System/Library/Frameworks/Foundation.framework; sourceTree = SDKROOT; };
		5CE71E8B15CC4901003A88A4 /* CoreGraphics.framework */ = {isa = PBXFileReference; lastKnownFileType = wrapper.framework; name = CoreGraphics.framework; path = System/Library/Frameworks/CoreGraphics.framework; sourceTree = SDKROOT; };
		5CE71E8F15CC4901003A88A4 /* TwitterSample-Info.plist */ = {isa = PBXFileReference; lastKnownFileType = text.plist.xml; path = "TwitterSample-Info.plist"; sourceTree = "<group>"; };
		5CE71E9115CC4901003A88A4 /* en */ = {isa = PBXFileReference; lastKnownFileType = text.plist.strings; name = en; path = en.lproj/InfoPlist.strings; sourceTree = "<group>"; };
		5CE71E9315CC4901003A88A4 /* main.m */ = {isa = PBXFileReference; lastKnownFileType = sourcecode.c.objc; path = main.m; sourceTree = "<group>"; };
		5CE71E9515CC4901003A88A4 /* TwitterSample-Prefix.pch */ = {isa = PBXFileReference; lastKnownFileType = sourcecode.c.h; path = "TwitterSample-Prefix.pch"; sourceTree = "<group>"; };
		5CE71E9615CC4901003A88A4 /* AGAppDelegate.h */ = {isa = PBXFileReference; lastKnownFileType = sourcecode.c.h; path = AGAppDelegate.h; sourceTree = "<group>"; };
		5CE71E9715CC4901003A88A4 /* AGAppDelegate.m */ = {isa = PBXFileReference; lastKnownFileType = sourcecode.c.objc; path = AGAppDelegate.m; sourceTree = "<group>"; };
		5CE71E9A15CC4901003A88A4 /* en */ = {isa = PBXFileReference; lastKnownFileType = file.storyboard; name = en; path = en.lproj/MainStoryboard.storyboard; sourceTree = "<group>"; };
		5CE71E9C15CC4901003A88A4 /* AGViewController.h */ = {isa = PBXFileReference; lastKnownFileType = sourcecode.c.h; path = AGViewController.h; sourceTree = "<group>"; };
		5CE71E9D15CC4901003A88A4 /* AGViewController.m */ = {isa = PBXFileReference; lastKnownFileType = sourcecode.c.objc; path = AGViewController.m; sourceTree = "<group>"; };
		5CE71EA415CC4901003A88A4 /* TwitterSampleTests.octest */ = {isa = PBXFileReference; explicitFileType = wrapper.cfbundle; includeInIndex = 0; path = TwitterSampleTests.octest; sourceTree = BUILT_PRODUCTS_DIR; };
		5CE71EA515CC4901003A88A4 /* SenTestingKit.framework */ = {isa = PBXFileReference; lastKnownFileType = wrapper.framework; name = SenTestingKit.framework; path = Library/Frameworks/SenTestingKit.framework; sourceTree = DEVELOPER_DIR; };
		5CE71EAD15CC4901003A88A4 /* TwitterSampleTests-Info.plist */ = {isa = PBXFileReference; lastKnownFileType = text.plist.xml; path = "TwitterSampleTests-Info.plist"; sourceTree = "<group>"; };
		5CE71EAF15CC4901003A88A4 /* en */ = {isa = PBXFileReference; lastKnownFileType = text.plist.strings; name = en; path = en.lproj/InfoPlist.strings; sourceTree = "<group>"; };
		5CE71EB115CC4901003A88A4 /* TwitterSampleTests.h */ = {isa = PBXFileReference; lastKnownFileType = sourcecode.c.h; path = TwitterSampleTests.h; sourceTree = "<group>"; };
		5CE71EB215CC4901003A88A4 /* TwitterSampleTests.m */ = {isa = PBXFileReference; lastKnownFileType = sourcecode.c.objc; path = TwitterSampleTests.m; sourceTree = "<group>"; };
/* End PBXFileReference section */

/* Begin PBXFrameworksBuildPhase section */
		5CE71E8015CC4901003A88A4 /* Frameworks */ = {
			isa = PBXFrameworksBuildPhase;
			buildActionMask = 2147483647;
			files = (
				5CE71E8815CC4901003A88A4 /* UIKit.framework in Frameworks */,
				5CE71E8A15CC4901003A88A4 /* Foundation.framework in Frameworks */,
				5CE71E8C15CC4901003A88A4 /* CoreGraphics.framework in Frameworks */,
			);
			runOnlyForDeploymentPostprocessing = 0;
		};
		5CE71EA015CC4901003A88A4 /* Frameworks */ = {
			isa = PBXFrameworksBuildPhase;
			buildActionMask = 2147483647;
			files = (
				5CE71EA615CC4901003A88A4 /* SenTestingKit.framework in Frameworks */,
				5CE71EA715CC4901003A88A4 /* UIKit.framework in Frameworks */,
				5CE71EA815CC4901003A88A4 /* Foundation.framework in Frameworks */,
			);
			runOnlyForDeploymentPostprocessing = 0;
		};
/* End PBXFrameworksBuildPhase section */

/* Begin PBXGroup section */
		5CE71E7815CC4901003A88A4 = {
			isa = PBXGroup;
			children = (
				5CE71E8D15CC4901003A88A4 /* TwitterSample */,
				5CE71EAB15CC4901003A88A4 /* TwitterSampleTests */,
				5CE71E8615CC4901003A88A4 /* Frameworks */,
				5CE71E8415CC4901003A88A4 /* Products */,
			);
			sourceTree = "<group>";
		};
		5CE71E8415CC4901003A88A4 /* Products */ = {
			isa = PBXGroup;
			children = (
				5CE71E8315CC4901003A88A4 /* TwitterSample.app */,
				5CE71EA415CC4901003A88A4 /* TwitterSampleTests.octest */,
			);
			name = Products;
			sourceTree = "<group>";
		};
		5CE71E8615CC4901003A88A4 /* Frameworks */ = {
			isa = PBXGroup;
			children = (
				5CE71E8715CC4901003A88A4 /* UIKit.framework */,
				5CE71E8915CC4901003A88A4 /* Foundation.framework */,
				5CE71E8B15CC4901003A88A4 /* CoreGraphics.framework */,
				5CE71EA515CC4901003A88A4 /* SenTestingKit.framework */,
			);
			name = Frameworks;
			sourceTree = "<group>";
		};
		5CE71E8D15CC4901003A88A4 /* TwitterSample */ = {
			isa = PBXGroup;
			children = (
				5CE71E9615CC4901003A88A4 /* AGAppDelegate.h */,
				5CE71E9715CC4901003A88A4 /* AGAppDelegate.m */,
				5CE71E9915CC4901003A88A4 /* MainStoryboard.storyboard */,
				5CE71E9C15CC4901003A88A4 /* AGViewController.h */,
				5CE71E9D15CC4901003A88A4 /* AGViewController.m */,
				5CE71E8E15CC4901003A88A4 /* Supporting Files */,
			);
			path = TwitterSample;
			sourceTree = "<group>";
		};
		5CE71E8E15CC4901003A88A4 /* Supporting Files */ = {
			isa = PBXGroup;
			children = (
				5CE71E8F15CC4901003A88A4 /* TwitterSample-Info.plist */,
				5CE71E9015CC4901003A88A4 /* InfoPlist.strings */,
				5CE71E9315CC4901003A88A4 /* main.m */,
				5CE71E9515CC4901003A88A4 /* TwitterSample-Prefix.pch */,
			);
			name = "Supporting Files";
			sourceTree = "<group>";
		};
		5CE71EAB15CC4901003A88A4 /* TwitterSampleTests */ = {
			isa = PBXGroup;
			children = (
				5CE71EB115CC4901003A88A4 /* TwitterSampleTests.h */,
				5CE71EB215CC4901003A88A4 /* TwitterSampleTests.m */,
				5CE71EAC15CC4901003A88A4 /* Supporting Files */,
			);
			path = TwitterSampleTests;
			sourceTree = "<group>";
		};
		5CE71EAC15CC4901003A88A4 /* Supporting Files */ = {
			isa = PBXGroup;
			children = (
				5CE71EAD15CC4901003A88A4 /* TwitterSampleTests-Info.plist */,
				5CE71EAE15CC4901003A88A4 /* InfoPlist.strings */,
			);
			name = "Supporting Files";
			sourceTree = "<group>";
		};
/* End PBXGroup section */

/* Begin PBXNativeTarget section */
		5CE71E8215CC4901003A88A4 /* TwitterSample */ = {
			isa = PBXNativeTarget;
			buildConfigurationList = 5CE71EB615CC4901003A88A4 /* Build configuration list for PBXNativeTarget "TwitterSample" */;
			buildPhases = (
				5CE71E7F15CC4901003A88A4 /* Sources */,
				5CE71E8015CC4901003A88A4 /* Frameworks */,
				5CE71E8115CC4901003A88A4 /* Resources */,
			);
			buildRules = (
			);
			dependencies = (
			);
			name = TwitterSample;
			productName = TwitterSample;
			productReference = 5CE71E8315CC4901003A88A4 /* TwitterSample.app */;
			productType = "com.apple.product-type.application";
		};
		5CE71EA315CC4901003A88A4 /* TwitterSampleTests */ = {
			isa = PBXNativeTarget;
			buildConfigurationList = 5CE71EB915CC4901003A88A4 /* Build configuration list for PBXNativeTarget "TwitterSampleTests" */;
			buildPhases = (
				5CE71E9F15CC4901003A88A4 /* Sources */,
				5CE71EA015CC4901003A88A4 /* Frameworks */,
				5CE71EA115CC4901003A88A4 /* Resources */,
				5CE71EA215CC4901003A88A4 /* ShellScript */,
			);
			buildRules = (
			);
			dependencies = (
				5CE71EAA15CC4901003A88A4 /* PBXTargetDependency */,
			);
			name = TwitterSampleTests;
			productName = TwitterSampleTests;
			productReference = 5CE71EA415CC4901003A88A4 /* TwitterSampleTests.octest */;
			productType = "com.apple.product-type.bundle";
		};
/* End PBXNativeTarget section */

/* Begin PBXProject section */
		5CE71E7A15CC4901003A88A4 /* Project object */ = {
			isa = PBXProject;
			attributes = {
				CLASSPREFIX = AG;
				LastUpgradeCheck = 0440;
				ORGANIZATIONNAME = "Mike Pattee";
			};
			buildConfigurationList = 5CE71E7D15CC4901003A88A4 /* Build configuration list for PBXProject "TwitterSample" */;
			compatibilityVersion = "Xcode 3.2";
			developmentRegion = English;
			hasScannedForEncodings = 0;
			knownRegions = (
				en,
			);
			mainGroup = 5CE71E7815CC4901003A88A4;
			productRefGroup = 5CE71E8415CC4901003A88A4 /* Products */;
			projectDirPath = "";
			projectRoot = "";
			targets = (
				5CE71E8215CC4901003A88A4 /* TwitterSample */,
				5CE71EA315CC4901003A88A4 /* TwitterSampleTests */,
			);
		};
/* End PBXProject section */

/* Begin PBXResourcesBuildPhase section */
		5CE71E8115CC4901003A88A4 /* Resources */ = {
			isa = PBXResourcesBuildPhase;
			buildActionMask = 2147483647;
			files = (
				5CE71E9215CC4901003A88A4 /* InfoPlist.strings in Resources */,
				5CE71E9B15CC4901003A88A4 /* MainStoryboard.storyboard in Resources */,
			);
			runOnlyForDeploymentPostprocessing = 0;
		};
		5CE71EA115CC4901003A88A4 /* Resources */ = {
			isa = PBXResourcesBuildPhase;
			buildActionMask = 2147483647;
			files = (
				5CE71EB015CC4901003A88A4 /* InfoPlist.strings in Resources */,
			);
			runOnlyForDeploymentPostprocessing = 0;
		};
/* End PBXResourcesBuildPhase section */

/* Begin PBXShellScriptBuildPhase section */
		5CE71EA215CC4901003A88A4 /* ShellScript */ = {
			isa = PBXShellScriptBuildPhase;
			buildActionMask = 2147483647;
			files = (
			);
			inputPaths = (
			);
			outputPaths = (
			);
			runOnlyForDeploymentPostprocessing = 0;
			shellPath = /bin/sh;
			shellScript = "# Run the unit tests in this test bundle.\n\"${SYSTEM_DEVELOPER_DIR}/Tools/RunUnitTests\"\n";
		};
/* End PBXShellScriptBuildPhase section */

/* Begin PBXSourcesBuildPhase section */
		5CE71E7F15CC4901003A88A4 /* Sources */ = {
			isa = PBXSourcesBuildPhase;
			buildActionMask = 2147483647;
			files = (
				5CE71E9415CC4901003A88A4 /* main.m in Sources */,
				5CE71E9815CC4901003A88A4 /* AGAppDelegate.m in Sources */,
				5CE71E9E15CC4901003A88A4 /* AGViewController.m in Sources */,
			);
			runOnlyForDeploymentPostprocessing = 0;
		};
		5CE71E9F15CC4901003A88A4 /* Sources */ = {
			isa = PBXSourcesBuildPhase;
			buildActionMask = 2147483647;
			files = (
				5CE71EB315CC4901003A88A4 /* TwitterSampleTests.m in Sources */,
			);
			runOnlyForDeploymentPostprocessing = 0;
		};
/* End PBXSourcesBuildPhase section */

/* Begin PBXTargetDependency section */
		5CE71EAA15CC4901003A88A4 /* PBXTargetDependency */ = {
			isa = PBXTargetDependency;
			target = 5CE71E8215CC4901003A88A4 /* TwitterSample */;
			targetProxy = 5CE71EA915CC4901003A88A4 /* PBXContainerItemProxy */;
		};
/* End PBXTargetDependency section */

/* Begin PBXVariantGroup section */
		5CE71E9015CC4901003A88A4 /* InfoPlist.strings */ = {
			isa = PBXVariantGroup;
			children = (
				5CE71E9115CC4901003A88A4 /* en */,
			);
			name = InfoPlist.strings;
			sourceTree = "<group>";
		};
		5CE71E9915CC4901003A88A4 /* MainStoryboard.storyboard */ = {
			isa = PBXVariantGroup;
			children = (
				5CE71E9A15CC4901003A88A4 /* en */,
			);
			name = MainStoryboard.storyboard;
			sourceTree = "<group>";
		};
		5CE71EAE15CC4901003A88A4 /* InfoPlist.strings */ = {
			isa = PBXVariantGroup;
			children = (
				5CE71EAF15CC4901003A88A4 /* en */,
			);
			name = InfoPlist.strings;
			sourceTree = "<group>";
		};
/* End PBXVariantGroup section */

/* Begin XCBuildConfiguration section */
		5CE71EB415CC4901003A88A4 /* Debug */ = {
			isa = XCBuildConfiguration;
			buildSettings = {
				ALWAYS_SEARCH_USER_PATHS = NO;
				ARCHS = "$(ARCHS_STANDARD_32_BIT)";
				CLANG_CXX_LANGUAGE_STANDARD = "gnu++0x";
				CLANG_ENABLE_OBJC_ARC = YES;
				CLANG_WARN__DUPLICATE_METHOD_MATCH = YES;
				"CODE_SIGN_IDENTITY[sdk=iphoneos*]" = "iPhone Developer";
				COPY_PHASE_STRIP = NO;
				GCC_C_LANGUAGE_STANDARD = gnu99;
				GCC_DYNAMIC_NO_PIC = NO;
				GCC_OPTIMIZATION_LEVEL = 0;
				GCC_PREPROCESSOR_DEFINITIONS = (
					"DEBUG=1",
					"$(inherited)",
				);
				GCC_SYMBOLS_PRIVATE_EXTERN = NO;
				GCC_VERSION = com.apple.compilers.llvm.clang.1_0;
				GCC_WARN_ABOUT_RETURN_TYPE = YES;
				GCC_WARN_UNINITIALIZED_AUTOS = YES;
				GCC_WARN_UNUSED_VARIABLE = YES;
				IPHONEOS_DEPLOYMENT_TARGET = 5.1;
				SDKROOT = iphoneos;
			};
			name = Debug;
		};
		5CE71EB515CC4901003A88A4 /* Release */ = {
			isa = XCBuildConfiguration;
			buildSettings = {
				ALWAYS_SEARCH_USER_PATHS = NO;
				ARCHS = "$(ARCHS_STANDARD_32_BIT)";
				CLANG_CXX_LANGUAGE_STANDARD = "gnu++0x";
				CLANG_ENABLE_OBJC_ARC = YES;
				CLANG_WARN__DUPLICATE_METHOD_MATCH = YES;
				"CODE_SIGN_IDENTITY[sdk=iphoneos*]" = "iPhone Developer";
				COPY_PHASE_STRIP = YES;
				GCC_C_LANGUAGE_STANDARD = gnu99;
				GCC_VERSION = com.apple.compilers.llvm.clang.1_0;
				GCC_WARN_ABOUT_RETURN_TYPE = YES;
				GCC_WARN_UNINITIALIZED_AUTOS = YES;
				GCC_WARN_UNUSED_VARIABLE = YES;
				IPHONEOS_DEPLOYMENT_TARGET = 5.1;
				OTHER_CFLAGS = "-DNS_BLOCK_ASSERTIONS=1";
				SDKROOT = iphoneos;
				VALIDATE_PRODUCT = YES;
			};
			name = Release;
		};
		5CE71EB715CC4901003A88A4 /* Debug */ = {
			isa = XCBuildConfiguration;
			buildSettings = {
				GCC_PRECOMPILE_PREFIX_HEADER = YES;
				GCC_PREFIX_HEADER = "TwitterSample/TwitterSample-Prefix.pch";
				INFOPLIST_FILE = "TwitterSample/TwitterSample-Info.plist";
				PRODUCT_NAME = "$(TARGET_NAME)";
				WRAPPER_EXTENSION = app;
			};
			name = Debug;
		};
		5CE71EB815CC4901003A88A4 /* Release */ = {
			isa = XCBuildConfiguration;
			buildSettings = {
				GCC_PRECOMPILE_PREFIX_HEADER = YES;
				GCC_PREFIX_HEADER = "TwitterSample/TwitterSample-Prefix.pch";
				INFOPLIST_FILE = "TwitterSample/TwitterSample-Info.plist";
				PRODUCT_NAME = "$(TARGET_NAME)";
				WRAPPER_EXTENSION = app;
			};
			name = Release;
		};
		5CE71EBA15CC4901003A88A4 /* Debug */ = {
			isa = XCBuildConfiguration;
			buildSettings = {
				BUNDLE_LOADER = "$(BUILT_PRODUCTS_DIR)/TwitterSample.app/TwitterSample";
				FRAMEWORK_SEARCH_PATHS = (
					"\"$(SDKROOT)/Developer/Library/Frameworks\"",
					"\"$(DEVELOPER_LIBRARY_DIR)/Frameworks\"",
				);
				GCC_PRECOMPILE_PREFIX_HEADER = YES;
				GCC_PREFIX_HEADER = "TwitterSample/TwitterSample-Prefix.pch";
				INFOPLIST_FILE = "TwitterSampleTests/TwitterSampleTests-Info.plist";
				PRODUCT_NAME = "$(TARGET_NAME)";
				TEST_HOST = "$(BUNDLE_LOADER)";
				WRAPPER_EXTENSION = octest;
			};
			name = Debug;
		};
		5CE71EBB15CC4901003A88A4 /* Release */ = {
			isa = XCBuildConfiguration;
			buildSettings = {
				BUNDLE_LOADER = "$(BUILT_PRODUCTS_DIR)/TwitterSample.app/TwitterSample";
				FRAMEWORK_SEARCH_PATHS = (
					"\"$(SDKROOT)/Developer/Library/Frameworks\"",
					"\"$(DEVELOPER_LIBRARY_DIR)/Frameworks\"",
				);
				GCC_PRECOMPILE_PREFIX_HEADER = YES;
				GCC_PREFIX_HEADER = "TwitterSample/TwitterSample-Prefix.pch";
				INFOPLIST_FILE = "TwitterSampleTests/TwitterSampleTests-Info.plist";
				PRODUCT_NAME = "$(TARGET_NAME)";
				TEST_HOST = "$(BUNDLE_LOADER)";
				WRAPPER_EXTENSION = octest;
			};
			name = Release;
		};
/* End XCBuildConfiguration section */

/* Begin XCConfigurationList section */
		5CE71E7D15CC4901003A88A4 /* Build configuration list for PBXProject "TwitterSample" */ = {
			isa = XCConfigurationList;
			buildConfigurations = (
				5CE71EB415CC4901003A88A4 /* Debug */,
				5CE71EB515CC4901003A88A4 /* Release */,
			);
			defaultConfigurationIsVisible = 0;
			defaultConfigurationName = Release;
		};
		5CE71EB615CC4901003A88A4 /* Build configuration list for PBXNativeTarget "TwitterSample" */ = {
			isa = XCConfigurationList;
			buildConfigurations = (
				5CE71EB715CC4901003A88A4 /* Debug */,
				5CE71EB815CC4901003A88A4 /* Release */,
			);
			defaultConfigurationIsVisible = 0;
		};
		5CE71EB915CC4901003A88A4 /* Build configuration list for PBXNativeTarget "TwitterSampleTests" */ = {
			isa = XCConfigurationList;
			buildConfigurations = (
				5CE71EBA15CC4901003A88A4 /* Debug */,
				5CE71EBB15CC4901003A88A4 /* Release */,
			);
			defaultConfigurationIsVisible = 0;
		};
/* End XCConfigurationList section */
	};
	rootObject = 5CE71E7A15CC4901003A88A4 /* Project object */;
}
